
Microsoft Visual Studio Solution File, Format Version 12.00
# Visual Studio 14
VisualStudioVersion = 14.0.25420.1
MinimumVisualStudioVersion = 10.0.40219.1
Project("{E24C65DC-7377-472B-9ABA-BC803B73C61A}") = "Search4Life", "..\..\WebSites\Search4Life\", "{A989D824-2143-4066-9264-C5D2323E796C}"
	ProjectSection(WebsiteProperties) = preProject
		TargetFrameworkMoniker = ".NETFramework,Version%3Dv4.5.1"
		Debug.AspNetCompiler.VirtualPath = "/localhost_57926"
		Debug.AspNetCompiler.PhysicalPath = "..\..\WebSites\Search4Life\"
		Debug.AspNetCompiler.TargetPath = "PrecompiledWeb\localhost_57926\"
		Debug.AspNetCompiler.Updateable = "true"
		Debug.AspNetCompiler.ForceOverwrite = "true"
		Debug.AspNetCompiler.FixedNames = "false"
		Debug.AspNetCompiler.Debug = "True"
		Release.AspNetCompiler.VirtualPath = "/localhost_57926"
		Release.AspNetCompiler.PhysicalPath = "..\..\WebSites\Search4Life\"
		Release.AspNetCompiler.TargetPath = "PrecompiledWeb\localhost_57926\"
		Release.AspNetCompiler.Updateable = "true"
		Release.AspNetCompiler.ForceOverwrite = "true"
		Release.AspNetCompiler.FixedNames = "false"
		Release.AspNetCompiler.Debug = "False"
		VWDPort = "57926"
		SlnRelativePath = "..\..\WebSites\Search4Life\"
		DefaultWebSiteLanguage = "Visual C#"
	EndProjectSection
EndProject
Global
	GlobalSection(SolutionConfigurationPlatforms) = preSolution
		Debug|Any CPU = Debug|Any CPU
	EndGlobalSection
	GlobalSection(ProjectConfigurationPlatforms) = postSolution
		{A989D824-2143-4066-9264-C5D2323E796C}.Debug|Any CPU.ActiveCfg = Debug|Any CPU
		{A989D824-2143-4066-9264-C5D2323E796C}.Debug|Any CPU.Build.0 = Debug|Any CPU
	EndGlobalSection
	GlobalSection(SolutionProperties) = preSolution
		HideSolutionNode = FALSE
	EndGlobalSection
EndGlobal
